{
  "requires": true,
  "lockfileVersion": 1,
  "dependencies": {
    "angular": {
      "version": "1.6.9",
      "resolved": "https://registry.npmjs.org/angular/-/angular-1.6.9.tgz",
      "integrity": "sha512-6igWH2GIsxV+J38wNWCh8oyjaZsrIPIDO35twloIUyjlF2Yit6UyLAWujHP05ma/LFxTsx4NtYibRoMNBXPR1A=="
    },
    "angular-sanitize": {
      "version": "1.6.9",
      "resolved": "https://registry.npmjs.org/angular-sanitize/-/angular-sanitize-1.6.9.tgz",
      "integrity": "sha512-zWGQHWvmftkPTR0s6RCF9gx/pezR1V0swcVrkimMyBW3eK3ly7inG5BDDSt2oGExhWufV2VfnIv01T+tBUckNg=="
    },
    "videogular": {
      "version": "1.4.4",
      "resolved": "https://registry.npmjs.org/videogular/-/videogular-1.4.4.tgz",
      "integrity": "sha1-yXqW8OVMM5TO/EvDi2Pfcw1DebU=",
      "requires": {
        "angular": "1.6.9",
        "angular-sanitize": "1.6.9"
      }
    },
    "videogular-themes-default": {
      "version": "1.4.4",
      "resolved": "https://registry.npmjs.org/videogular-themes-default/-/videogular-themes-default-1.4.4.tgz",
      "integrity": "sha1-iMoBDLZhKwSfnw8ZfhjUmc04AO8=",
      "requires": {
        "videogular": "1.4.4"
      }
    }
  }
}
